// !$*UTF8*$!
{
	archiveVersion = 1;
	classes = {
	};
	objectVersion = 48;
	objects = {

/* Begin PBXBuildFile section */
		454143C31F7DEE3B00A52456 /* AppDelegate.swift in Sources */ = {isa = PBXBuildFile; fileRef = 454143C21F7DEE3B00A52456 /* AppDelegate.swift */; };
		454143C51F7DEE3B00A52456 /* ViewController.swift in Sources */ = {isa = PBXBuildFile; fileRef = 454143C41F7DEE3B00A52456 /* ViewController.swift */; };
		454143C81F7DEE3B00A52456 /* Main.storyboard in Resources */ = {isa = PBXBuildFile; fileRef = 454143C61F7DEE3B00A52456 /* Main.storyboard */; };
		454143CA1F7DEE3B00A52456 /* Assets.xcassets in Resources */ = {isa = PBXBuildFile; fileRef = 454143C91F7DEE3B00A52456 /* Assets.xcassets */; };
		454143CD1F7DEE3B00A52456 /* LaunchScreen.storyboard in Resources */ = {isa = PBXBuildFile; fileRef = 454143CB1F7DEE3B00A52456 /* LaunchScreen.storyboard */; };
/* End PBXBuildFile section */

/* Begin PBXFileReference section */
		454143BF1F7DEE3B00A52456 /* Shiba Inu.app */ = {isa = PBXFileReference; explicitFileType = wrapper.application; includeInIndex = 0; path = "Shiba Inu.app"; sourceTree = BUILT_PRODUCTS_DIR; };
		454143C21F7DEE3B00A52456 /* AppDelegate.swift */ = {isa = PBXFileReference; lastKnownFileType = sourcecode.swift; path = AppDelegate.swift; sourceTree = "<group>"; };
		454143C41F7DEE3B00A52456 /* ViewController.swift */ = {isa = PBXFileReference; lastKnownFileType = sourcecode.swift; path = ViewController.swift; sourceTree = "<group>"; };
		454143C71F7DEE3B00A52456 /* Base */ = {isa = PBXFileReference; lastKnownFileType = file.storyboard; name = Base; path = Base.lproj/Main.storyboard; sourceTree = "<group>"; };
		454143C91F7DEE3B00A52456 /* Assets.xcassets */ = {isa = PBXFileReference; lastKnownFileType = folder.assetcatalog; path = Assets.xcassets; sourceTree = "<group>"; };
		454143CC1F7DEE3B00A52456 /* Base */ = {isa = PBXFileReference; lastKnownFileType = file.storyboard; name = Base; path = Base.lproj/LaunchScreen.storyboard; sourceTree = "<group>"; };
		454143CE1F7DEE3B00A52456 /* Info.plist */ = {isa = PBXFileReference; lastKnownFileType = text.plist.xml; path = Info.plist; sourceTree = "<group>"; };
/* End PBXFileReference section */

/* Begin PBXFrameworksBuildPhase section */
		454143BC1F7DEE3B00A52456 /* Frameworks */ = {
			isa = PBXFrameworksBuildPhase;
			buildActionMask = 2147483647;
			files = (
			);
			runOnlyForDeploymentPostprocessing = 0;
		};
/* End PBXFrameworksBuildPhase section */

/* Begin PBXGroup section */
		454143B61F7DEE3B00A52456 = {
			isa = PBXGroup;
			children = (
				454143C11F7DEE3B00A52456 /* Shiba Inu */,
				454143C01F7DEE3B00A52456 /* Products */,
			);
			sourceTree = "<group>";
		};
		454143C01F7DEE3B00A52456 /* Products */ = {
			isa = PBXGroup;
			children = (
				454143BF1F7DEE3B00A52456 /* Shiba Inu.app */,
			);
			name = Products;
			sourceTree = "<group>";
		};
		454143C11F7DEE3B00A52456 /* Shiba Inu */ = {
			isa = PBXGroup;
			children = (
				454143C21F7DEE3B00A52456 /* AppDelegate.swift */,
				454143C41F7DEE3B00A52456 /* ViewController.swift */,
				454143C61F7DEE3B00A52456 /* Main.storyboard */,
				454143C91F7DEE3B00A52456 /* Assets.xcassets */,
				454143CB1F7DEE3B00A52456 /* LaunchScreen.storyboard */,
				454143CE1F7DEE3B00A52456 /* Info.plist */,
			);
			path = "Shiba Inu";
			sourceTree = "<group>";
		};
/* End PBXGroup section */

/* Begin PBXNativeTarget section */
		454143BE1F7DEE3B00A52456 /* Shiba Inu */ = {
			isa = PBXNativeTarget;
			buildConfigurationList = 454143D11F7DEE3B00A52456 /* Build configuration list for PBXNativeTarget "Shiba Inu" */;
			buildPhases = (
				454143BB1F7DEE3B00A52456 /* Sources */,
				454143BC1F7DEE3B00A52456 /* Frameworks */,
				454143BD1F7DEE3B00A52456 /* Resources */,
			);
			buildRules = (
			);
			dependencies = (
			);
			name = "Shiba Inu";
			productName = "Shiba Inu";
			productReference = 454143BF1F7DEE3B00A52456 /* Shiba Inu.app */;
			productType = "com.apple.product-type.application";
		};
/* End PBXNativeTarget section */

/* Begin PBXProject section */
		454143B71F7DEE3B00A52456 /* Project object */ = {
			isa = PBXProject;
			attributes = {
				LastSwiftUpdateCheck = 0900;
				LastUpgradeCheck = 0900;
				ORGANIZATIONNAME = Olivia;
				TargetAttributes = {
					454143BE1F7DEE3B00A52456 = {
						CreatedOnToolsVersion = 9.0;
						ProvisioningStyle = Automatic;
					};
				};
			};
			buildConfigurationList = 454143BA1F7DEE3B00A52456 /* Build configuration list for PBXProject "Shiba Inu" */;
			compatibilityVersion = "Xcode 8.0";
			developmentRegion = en;
			hasScannedForEncodings = 0;
			knownRegions = (
				en,
				Base,
			);
			mainGroup = 454143B61F7DEE3B00A52456;
			productRefGroup = 454143C01F7DEE3B00A52456 /* Products */;
			projectDirPath = "";
			projectRoot = "";
			targets = (
				454143BE1F7DEE3B00A52456 /* Shiba Inu */,
			);
		};
/* End PBXProject section */

/* Begin PBXResourcesBuildPhase section */
		454143BD1F7DEE3B00A52456 /* Resources */ = {
			isa = PBXResourcesBuildPhase;
			buildActionMask = 2147483647;
			files = (
				454143CD1F7DEE3B00A52456 /* LaunchScreen.storyboard in Resources */,
				454143CA1F7DEE3B00A52456 /* Assets.xcassets in Resources */,
				454143C81F7DEE3B00A52456 /* Main.storyboard in Resources */,
			);
			runOnlyForDeploymentPostprocessing = 0;
		};
/* End PBXResourcesBuildPhase section */

/* Begin PBXSourcesBuildPhase section */
		454143BB1F7DEE3B00A52456 /* Sources */ = {
			isa = PBXSourcesBuildPhase;
			buildActionMask = 2147483647;
			files = (
				454143C51F7DEE3B00A52456 /* ViewController.swift in Sources */,
				454143C31F7DEE3B00A52456 /* AppDelegate.swift in Sources */,
			);
			runOnlyForDeploymentPostprocessing = 0;
		};
/* End PBXSourcesBuildPhase section */

/* Begin PBXVariantGroup section */
		454143C61F7DEE3B00A52456 /* Main.storyboard */ = {
			isa = PBXVariantGroup;
			children = (
				454143C71F7DEE3B00A52456 /* Base */,
			);
			name = Main.storyboard;
			sourceTree = "<group>";
		};
		454143CB1F7DEE3B00A52456 /* LaunchScreen.storyboard */ = {
			isa = PBXVariantGroup;
			children = (
				454143CC1F7DEE3B00A52456 /* Base */,
			);
			name = LaunchScreen.storyboard;
			sourceTree = "<group>";
		};
/* End PBXVariantGroup section */

/* Begin XCBuildConfiguration section */
		454143CF1F7DEE3B00A52456 /* Debug */ = {
			isa = XCBuildConfiguration;
			buildSettings = {
				ALWAYS_SEARCH_USER_PATHS = NO;
				CLANG_ANALYZER_NONNULL = YES;
				CLANG_ANALYZER_NUMBER_OBJECT_CONVERSION = YES_AGGRESSIVE;
				CLANG_CXX_LANGUAGE_STANDARD = "gnu++14";
				CLANG_CXX_LIBRARY = "libc++";
				CLANG_ENABLE_MODULES = YES;
				CLANG_ENABLE_OBJC_ARC = YES;
				CLANG_WARN_BLOCK_CAPTURE_AUTORELEASING = YES;
				CLANG_WARN_BOOL_CONVERSION = YES;
				CLANG_WARN_COMMA = YES;
				CLANG_WARN_CONSTANT_CONVERSION = YES;
				CLANG_WARN_DIRECT_OBJC_ISA_USAGE = YES_ERROR;
				CLANG_WARN_DOCUMENTATION_COMMENTS = YES;
				CLANG_WARN_EMPTY_BODY = YES;
				CLANG_WARN_ENUM_CONVERSION = YES;
				CLANG_WARN_INFINITE_RECURSION = YES;
				CLANG_WARN_INT_CONVERSION = YES;
				CLANG_WARN_NON_LITERAL_NULL_CONVERSION = YES;
				CLANG_WARN_OBJC_LITERAL_CONVERSION = YES;
				CLANG_WARN_OBJC_ROOT_CLASS = YES_ERROR;
				CLANG_WARN_RANGE_LOOP_ANALYSIS = YES;
				CLANG_WARN_STRICT_PROTOTYPES = YES;
				CLANG_WARN_SUSPICIOUS_MOVE = YES;
				CLANG_WARN_UNGUARDED_AVAILABILITY = YES_AGGRESSIVE;
				CLANG_WARN_UNREACHABLE_CODE = YES;
				CLANG_WARN__DUPLICATE_METHOD_MATCH = YES;
				CODE_SIGN_IDENTITY = "iPhone Developer";
				COPY_PHASE_STRIP = NO;
				DEBUG_INFORMATION_FORMAT = dwarf;
				ENABLE_STRICT_OBJC_MSGSEND = YES;
				ENABLE_TESTABILITY = YES;
				GCC_C_LANGUAGE_STANDARD = gnu11;
				GCC_DYNAMIC_NO_PIC = NO;
				GCC_NO_COMMON_BLOCKS = YES;
				GCC_OPTIMIZATION_LEVEL = 0;
				GCC_PREPROCESSOR_DEFINITIONS = (
					"DEBUG=1",
					"$(inherited)",
				);
				GCC_WARN_64_TO_32_BIT_CONVERSION = YES;
				GCC_WARN_ABOUT_RETURN_TYPE = YES_ERROR;
				GCC_WARN_UNDECLARED_SELECTOR = YES;
				GCC_WARN_UNINITIALIZED_AUTOS = YES_AGGRESSIVE;
				GCC_WARN_UNUSED_FUNCTION = YES;
				GCC_WARN_UNUSED_VARIABLE = YES;
				IPHONEOS_DEPLOYMENT_TARGET = 11.0;
				MTL_ENABLE_DEBUG_INFO = YES;
				ONLY_ACTIVE_ARCH = YES;
				SDKROOT = iphoneos;
				SWIFT_ACTIVE_COMPILATION_CONDITIONS = DEBUG;
				SWIFT_OPTIMIZATION_LEVEL = "-Onone";
			};
			name = Debug;
		};
		454143D01F7DEE3B00A52456 /* Release */ = {
			isa = XCBuildConfiguration;
			buildSettings = {
				ALWAYS_SEARCH_USER_PATHS = NO;
				CLANG_ANALYZER_NONNULL = YES;
				CLANG_ANALYZER_NUMBER_OBJECT_CONVERSION = YES_AGGRESSIVE;
				CLANG_CXX_LANGUAGE_STANDARD = "gnu++14";
				CLANG_CXX_LIBRARY = "libc++";
				CLANG_ENABLE_MODULES = YES;
				CLANG_ENABLE_OBJC_ARC = YES;
				CLANG_WARN_BLOCK_CAPTURE_AUTORELEASING = YES;
				CLANG_WARN_BOOL_CONVERSION = YES;
				CLANG_WARN_COMMA = YES;
				CLANG_WARN_CONSTANT_CONVERSION = YES;
				CLANG_WARN_DIRECT_OBJC_ISA_USAGE = YES_ERROR;
				CLANG_WARN_DOCUMENTATION_COMMENTS = YES;
				CLANG_WARN_EMPTY_BODY = YES;
				CLANG_WARN_ENUM_CONVERSION = YES;
				CLANG_WARN_INFINITE_RECURSION = YES;
				CLANG_WARN_INT_CONVERSION = YES;
				CLANG_WARN_NON_LITERAL_NULL_CONVERSION = YES;
				CLANG_WARN_OBJC_LITERAL_CONVERSION = YES;
				CLANG_WARN_OBJC_ROOT_CLASS = YES_ERROR;
				CLANG_WARN_RANGE_LOOP_ANALYSIS = YES;
				CLANG_WARN_STRICT_PROTOTYPES = YES;
				CLANG_WARN_SUSPICIOUS_MOVE = YES;
				CLANG_WARN_UNGUARDED_AVAILABILITY = YES_AGGRESSIVE;
				CLANG_WARN_UNREACHABLE_CODE = YES;
				CLANG_WARN__DUPLICATE_METHOD_MATCH = YES;
				CODE_SIGN_IDENTITY = "iPhone Developer";
				COPY_PHASE_STRIP = NO;
				DEBUG_INFORMATION_FORMAT = "dwarf-with-dsym";
				ENABLE_NS_ASSERTIONS = NO;
				ENABLE_STRICT_OBJC_MSGSEND = YES;
				GCC_C_LANGUAGE_STANDARD = gnu11;
				GCC_NO_COMMON_BLOCKS = YES;
				GCC_WARN_64_TO_32_BIT_CONVERSION = YES;
				GCC_WARN_ABOUT_RETURN_TYPE = YES_ERROR;
				GCC_WARN_UNDECLARED_SELECTOR = YES;
				GCC_WARN_UNINITIALIZED_AUTOS = YES_AGGRESSIVE;
				GCC_WARN_UNUSED_FUNCTION = YES;
				GCC_WARN_UNUSED_VARIABLE = YES;
				IPHONEOS_DEPLOYMENT_TARGET = 11.0;
				MTL_ENABLE_DEBUG_INFO = NO;
				SDKROOT = iphoneos;
				SWIFT_OPTIMIZATION_LEVEL = "-Owholemodule";
				VALIDATE_PRODUCT = YES;
			};
			name = Release;
		};
		454143D21F7DEE3B00A52456 /* Debug */ = {
			isa = XCBuildConfiguration;
			buildSettings = {
				ASSETCATALOG_COMPILER_APPICON_NAME = AppIcon;
				CODE_SIGN_STYLE = Automatic;
				INFOPLIST_FILE = "Shiba Inu/Info.plist";
				LD_RUNPATH_SEARCH_PATHS = "$(inherited) @executable_path/Frameworks";
				PRODUCT_BUNDLE_IDENTIFIER = "com.example.Shiba-Inu";
				PRODUCT_NAME = "$(TARGET_NAME)";
				SWIFT_VERSION = 4.0;
				TARGETED_DEVICE_FAMILY = "1,2";
			};
			name = Debug;
		};
		454143D31F7DEE3B00A52456 /* Release */ = {
			isa = XCBuildConfiguration;
			buildSettings = {
				ASSETCATALOG_COMPILER_APPICON_NAME = AppIcon;
				CODE_SIGN_STYLE = Automatic;
				INFOPLIST_FILE = "Shiba Inu/Info.plist";
				LD_RUNPATH_SEARCH_PATHS = "$(inherited) @executable_path/Frameworks";
				PRODUCT_BUNDLE_IDENTIFIER = "com.example.Shiba-Inu";
				PRODUCT_NAME = "$(TARGET_NAME)";
				SWIFT_VERSION = 4.0;
				TARGETED_DEVICE_FAMILY = "1,2";
			};
			name = Release;
		};
/* End XCBuildConfiguration section */

/* Begin XCConfigurationList section */
		454143BA1F7DEE3B00A52456 /* Build configuration list for PBXProject "Shiba Inu" */ = {
			isa = XCConfigurationList;
			buildConfigurations = (
				454143CF1F7DEE3B00A52456 /* Debug */,
				454143D01F7DEE3B00A52456 /* Release */,
			);
			defaultConfigurationIsVisible = 0;
			defaultConfigurationName = Release;
		};
		454143D11F7DEE3B00A52456 /* Build configuration list for PBXNativeTarget "Shiba Inu" */ = {
			isa = XCConfigurationList;
			buildConfigurations = (
				454143D21F7DEE3B00A52456 /* Debug */,
				454143D31F7DEE3B00A52456 /* Release */,
			);
			defaultConfigurationIsVisible = 0;
			defaultConfigurationName = Release;
		};
/* End XCConfigurationList section */
	};
	rootObject = 454143B71F7DEE3B00A52456 /* Project object */;
}
